// !$*UTF8*$!
{
	archiveVersion = 1;
	classes = {
	};
	objectVersion = 56;
	objects = {

/* Begin PBXBuildFile section */
		AA0000000000000000000201 /* AppDelegate.swift in Sources */ = {isa = PBXBuildFile; fileRef = AA0000000000000000000101 /* AppDelegate.swift */; };
		AA0000000000000000000202 /* SceneDelegate.swift in Sources */ = {isa = PBXBuildFile; fileRef = AA0000000000000000000102 /* SceneDelegate.swift */; };
		AA0000000000000000000203 /* LibConfig+Host.swift in Sources */ = {isa = PBXBuildFile; fileRef = AA0000000000000000000103 /* LibConfig+Host.swift */; };
		AA0000000000000000000204 /* MyProduct.swift in Sources */ = {isa = PBXBuildFile; fileRef = AA0000000000000000000104 /* MyProduct.swift */; };
		AA0000000000000000000205 /* MyPermission.swift in Sources */ = {isa = PBXBuildFile; fileRef = AA0000000000000000000105 /* MyPermission.swift */; };
		AA0000000000000000000206 /* AdUnits.swift in Sources */ = {isa = PBXBuildFile; fileRef = AA0000000000000000000106 /* AdUnits.swift */; };
		AA0000000000000000000207 /* AppColor.swift in Sources */ = {isa = PBXBuildFile; fileRef = AA0000000000000000000107 /* AppColor.swift */; };
		AA0000000000000000000208 /* AppFont.swift in Sources */ = {isa = PBXBuildFile; fileRef = AA0000000000000000000108 /* AppFont.swift */; };
		AA0000000000000000000209 /* AppTab.swift in Sources */ = {isa = PBXBuildFile; fileRef = AA0000000000000000000109 /* AppTab.swift */; };
		AA000000000000000000020A /* CustomTabBar.swift in Sources */ = {isa = PBXBuildFile; fileRef = AA000000000000000000010A /* CustomTabBar.swift */; };
		AA000000000000000000020B /* RootView.swift in Sources */ = {isa = PBXBuildFile; fileRef = AA000000000000000000010B /* RootView.swift */; };
		AA000000000000000000020C /* PlaceholderScreen.swift in Sources */ = {isa = PBXBuildFile; fileRef = AA000000000000000000010C /* PlaceholderScreen.swift */; };
		AA000000000000000000020D /* SplashView.swift in Sources */ = {isa = PBXBuildFile; fileRef = AA000000000000000000010D /* SplashView.swift */; };
		AA000000000000000000020E /* HomeView.swift in Sources */ = {isa = PBXBuildFile; fileRef = AA000000000000000000010E /* HomeView.swift */; };
		AA000000000000000000020F /* ContactsView.swift in Sources */ = {isa = PBXBuildFile; fileRef = AA000000000000000000010F /* ContactsView.swift */; };
		AA0000000000000000000210 /* VaultView.swift in Sources */ = {isa = PBXBuildFile; fileRef = AA0000000000000000000110 /* VaultView.swift */; };
		AA0000000000000000000211 /* CompressView.swift in Sources */ = {isa = PBXBuildFile; fileRef = AA0000000000000000000111 /* CompressView.swift */; };
		AA0000000000000000000212 /* SettingsView.swift in Sources */ = {isa = PBXBuildFile; fileRef = AA0000000000000000000112 /* SettingsView.swift */; };
		AA0000000000000000000213 /* PaywallView.swift in Sources */ = {isa = PBXBuildFile; fileRef = AA0000000000000000000113 /* PaywallView.swift */; };
		AA0000000000000000000220 /* LanguageView.swift in Sources */ = {isa = PBXBuildFile; fileRef = AA0000000000000000000120 /* LanguageView.swift */; };
		AA0000000000000000000230 /* SimilarFlowView.swift in Sources */ = {isa = PBXBuildFile; fileRef = AA0000000000000000000130 /* SimilarFlowView.swift */; };
		AA0000000000000000000231 /* SimilarReviewScreen.swift in Sources */ = {isa = PBXBuildFile; fileRef = AA0000000000000000000131 /* SimilarReviewScreen.swift */; };
		AA0000000000000000000232 /* SimilarFilterSheet.swift in Sources */ = {isa = PBXBuildFile; fileRef = AA00000000000000000001B2 /* SimilarFilterSheet.swift */; };
		AA0000000000000000000233 /* SimilarDeleteConfirm.swift in Sources */ = {isa = PBXBuildFile; fileRef = AA00000000000000000001B3 /* SimilarDeleteConfirm.swift */; };
		AA0000000000000000000234 /* SimilarCleaningView.swift in Sources */ = {isa = PBXBuildFile; fileRef = AA00000000000000000001B4 /* SimilarCleaningView.swift */; };
		AA0000000000000000000235 /* SimilarSuccessView.swift in Sources */ = {isa = PBXBuildFile; fileRef = AA00000000000000000001B5 /* SimilarSuccessView.swift */; };
		AA0000000000000000000240 /* PhotoLibraryService.swift in Sources */ = {isa = PBXBuildFile; fileRef = AA00000000000000000001C0 /* PhotoLibraryService.swift */; };
		AA0000000000000000000241 /* PHAssetThumbnail.swift in Sources */ = {isa = PBXBuildFile; fileRef = AA00000000000000000001C1 /* PHAssetThumbnail.swift */; };
		AA0000000000000000000242 /* DeviceStorage.swift in Sources */ = {isa = PBXBuildFile; fileRef = AA00000000000000000001C2 /* DeviceStorage.swift */; };
		AA0000000000000000000243 /* Keychain.swift in Sources */ = {isa = PBXBuildFile; fileRef = AA00000000000000000001C3 /* Keychain.swift */; };
		AA0000000000000000000244 /* VaultItem.swift in Sources */ = {isa = PBXBuildFile; fileRef = AA00000000000000000001C4 /* VaultItem.swift */; };
		AA0000000000000000000245 /* VaultService.swift in Sources */ = {isa = PBXBuildFile; fileRef = AA00000000000000000001C5 /* VaultService.swift */; };
		AA0000000000000000000246 /* ContactsService.swift in Sources */ = {isa = PBXBuildFile; fileRef = AA00000000000000000001C6 /* ContactsService.swift */; };
		AA0000000000000000000280 /* ContactsDashboardView.swift in Sources */ = {isa = PBXBuildFile; fileRef = AA0000000000000000000180 /* ContactsDashboardView.swift */; };
		AA0000000000000000000281 /* ContactsDuplicatesView.swift in Sources */ = {isa = PBXBuildFile; fileRef = AA0000000000000000000181 /* ContactsDuplicatesView.swift */; };
		AA0000000000000000000282 /* ContactsIncompleteView.swift in Sources */ = {isa = PBXBuildFile; fileRef = AA0000000000000000000182 /* ContactsIncompleteView.swift */; };
		AA0000000000000000000283 /* ContactsAllView.swift in Sources */ = {isa = PBXBuildFile; fileRef = AA0000000000000000000183 /* ContactsAllView.swift */; };
		AA0000000000000000000284 /* ContactsBackupsView.swift in Sources */ = {isa = PBXBuildFile; fileRef = AA0000000000000000000184 /* ContactsBackupsView.swift */; };
		AA0000000000000000000270 /* PasscodeKeypad.swift in Sources */ = {isa = PBXBuildFile; fileRef = AA00000000000000000001F0 /* PasscodeKeypad.swift */; };
		AA0000000000000000000271 /* VaultLockView.swift in Sources */ = {isa = PBXBuildFile; fileRef = AA00000000000000000001F1 /* VaultLockView.swift */; };
		AA0000000000000000000272 /* CreatePasscodeView.swift in Sources */ = {isa = PBXBuildFile; fileRef = AA00000000000000000001F2 /* CreatePasscodeView.swift */; };
		AA0000000000000000000273 /* VaultGridView.swift in Sources */ = {isa = PBXBuildFile; fileRef = AA00000000000000000001F3 /* VaultGridView.swift */; };
		AA0000000000000000000274 /* VaultPreviewView.swift in Sources */ = {isa = PBXBuildFile; fileRef = AA00000000000000000001F4 /* VaultPreviewView.swift */; };
		AA0000000000000000000250 /* QuickCleanFlowView.swift in Sources */ = {isa = PBXBuildFile; fileRef = AA00000000000000000001D0 /* QuickCleanFlowView.swift */; };
		AA0000000000000000000251 /* QuickCleanConfirmModal.swift in Sources */ = {isa = PBXBuildFile; fileRef = AA00000000000000000001D1 /* QuickCleanConfirmModal.swift */; };
		AA0000000000000000000252 /* QuickCleanSuccessView.swift in Sources */ = {isa = PBXBuildFile; fileRef = AA00000000000000000001D2 /* QuickCleanSuccessView.swift */; };
		AA0000000000000000000260 /* FAQView.swift in Sources */ = {isa = PBXBuildFile; fileRef = AA00000000000000000001E0 /* FAQView.swift */; };
		AA0000000000000000000261 /* ContactView.swift in Sources */ = {isa = PBXBuildFile; fileRef = AA00000000000000000001E1 /* ContactView.swift */; };
		AA0000000000000000000214 /* BannerAdView.swift in Sources */ = {isa = PBXBuildFile; fileRef = AA0000000000000000000114 /* BannerAdView.swift */; };
		AA0000000000000000000215 /* NativeAdView.swift in Sources */ = {isa = PBXBuildFile; fileRef = AA0000000000000000000115 /* NativeAdView.swift */; };
		AA0000000000000000000216 /* AdHelpers.swift in Sources */ = {isa = PBXBuildFile; fileRef = AA0000000000000000000116 /* AdHelpers.swift */; };
		AA0000000000000000000301 /* Assets.xcassets in Resources */ = {isa = PBXBuildFile; fileRef = AA0000000000000000000132 /* Assets.xcassets */; };
		AA0000000000000000000302 /* Preview Assets.xcassets in Resources */ = {isa = PBXBuildFile; fileRef = AA0000000000000000000133 /* Preview Assets.xcassets */; };
		AA0000000000000000000303 /* GoogleService-Info.plist in Resources */ = {isa = PBXBuildFile; fileRef = AA0000000000000000000134 /* GoogleService-Info.plist */; };
		AA0000000000000000000310 /* Inter-Regular.ttf in Resources */ = {isa = PBXBuildFile; fileRef = AA0000000000000000000140 /* Inter-Regular.ttf */; };
		AA0000000000000000000311 /* Inter-Medium.ttf in Resources */ = {isa = PBXBuildFile; fileRef = AA0000000000000000000141 /* Inter-Medium.ttf */; };
		AA0000000000000000000312 /* Inter-SemiBold.ttf in Resources */ = {isa = PBXBuildFile; fileRef = AA0000000000000000000142 /* Inter-SemiBold.ttf */; };
		AA0000000000000000000313 /* Inter-Bold.ttf in Resources */ = {isa = PBXBuildFile; fileRef = AA0000000000000000000143 /* Inter-Bold.ttf */; };
		AA0000000000000000000400 /* LibEarnMoneyIOS in Frameworks */ = {isa = PBXBuildFile; productRef = AA0000000000000000000500 /* LibEarnMoneyIOS */; };
/* End PBXBuildFile section */

/* Begin PBXFileReference section */
		AA0000000000000000000020 /* iCleaner.app */ = {isa = PBXFileReference; explicitFileType = wrapper.application; includeInIndex = 0; path = iCleaner.app; sourceTree = BUILT_PRODUCTS_DIR; };
		AA0000000000000000000101 /* AppDelegate.swift */ = {isa = PBXFileReference; lastKnownFileType = sourcecode.swift; path = AppDelegate.swift; sourceTree = "<group>"; };
		AA0000000000000000000102 /* SceneDelegate.swift */ = {isa = PBXFileReference; lastKnownFileType = sourcecode.swift; path = SceneDelegate.swift; sourceTree = "<group>"; };
		AA0000000000000000000103 /* LibConfig+Host.swift */ = {isa = PBXFileReference; lastKnownFileType = sourcecode.swift; path = "LibConfig+Host.swift"; sourceTree = "<group>"; };
		AA0000000000000000000104 /* MyProduct.swift */ = {isa = PBXFileReference; lastKnownFileType = sourcecode.swift; path = MyProduct.swift; sourceTree = "<group>"; };
		AA0000000000000000000105 /* MyPermission.swift */ = {isa = PBXFileReference; lastKnownFileType = sourcecode.swift; path = MyPermission.swift; sourceTree = "<group>"; };
		AA0000000000000000000106 /* AdUnits.swift */ = {isa = PBXFileReference; lastKnownFileType = sourcecode.swift; path = AdUnits.swift; sourceTree = "<group>"; };
		AA0000000000000000000107 /* AppColor.swift */ = {isa = PBXFileReference; lastKnownFileType = sourcecode.swift; path = AppColor.swift; sourceTree = "<group>"; };
		AA0000000000000000000108 /* AppFont.swift */ = {isa = PBXFileReference; lastKnownFileType = sourcecode.swift; path = AppFont.swift; sourceTree = "<group>"; };
		AA0000000000000000000109 /* AppTab.swift */ = {isa = PBXFileReference; lastKnownFileType = sourcecode.swift; path = AppTab.swift; sourceTree = "<group>"; };
		AA000000000000000000010A /* CustomTabBar.swift */ = {isa = PBXFileReference; lastKnownFileType = sourcecode.swift; path = CustomTabBar.swift; sourceTree = "<group>"; };
		AA000000000000000000010B /* RootView.swift */ = {isa = PBXFileReference; lastKnownFileType = sourcecode.swift; path = RootView.swift; sourceTree = "<group>"; };
		AA000000000000000000010C /* PlaceholderScreen.swift */ = {isa = PBXFileReference; lastKnownFileType = sourcecode.swift; path = PlaceholderScreen.swift; sourceTree = "<group>"; };
		AA000000000000000000010D /* SplashView.swift */ = {isa = PBXFileReference; lastKnownFileType = sourcecode.swift; path = SplashView.swift; sourceTree = "<group>"; };
		AA000000000000000000010E /* HomeView.swift */ = {isa = PBXFileReference; lastKnownFileType = sourcecode.swift; path = HomeView.swift; sourceTree = "<group>"; };
		AA000000000000000000010F /* ContactsView.swift */ = {isa = PBXFileReference; lastKnownFileType = sourcecode.swift; path = ContactsView.swift; sourceTree = "<group>"; };
		AA0000000000000000000110 /* VaultView.swift */ = {isa = PBXFileReference; lastKnownFileType = sourcecode.swift; path = VaultView.swift; sourceTree = "<group>"; };
		AA0000000000000000000111 /* CompressView.swift */ = {isa = PBXFileReference; lastKnownFileType = sourcecode.swift; path = CompressView.swift; sourceTree = "<group>"; };
		AA0000000000000000000112 /* SettingsView.swift */ = {isa = PBXFileReference; lastKnownFileType = sourcecode.swift; path = SettingsView.swift; sourceTree = "<group>"; };
		AA0000000000000000000113 /* PaywallView.swift */ = {isa = PBXFileReference; lastKnownFileType = sourcecode.swift; path = PaywallView.swift; sourceTree = "<group>"; };
		AA0000000000000000000120 /* LanguageView.swift */ = {isa = PBXFileReference; lastKnownFileType = sourcecode.swift; path = LanguageView.swift; sourceTree = "<group>"; };
		AA0000000000000000000130 /* SimilarFlowView.swift */ = {isa = PBXFileReference; lastKnownFileType = sourcecode.swift; path = SimilarFlowView.swift; sourceTree = "<group>"; };
		AA0000000000000000000131 /* SimilarReviewScreen.swift */ = {isa = PBXFileReference; lastKnownFileType = sourcecode.swift; path = SimilarReviewScreen.swift; sourceTree = "<group>"; };
		AA00000000000000000001B2 /* SimilarFilterSheet.swift */ = {isa = PBXFileReference; lastKnownFileType = sourcecode.swift; path = SimilarFilterSheet.swift; sourceTree = "<group>"; };
		AA00000000000000000001B3 /* SimilarDeleteConfirm.swift */ = {isa = PBXFileReference; lastKnownFileType = sourcecode.swift; path = SimilarDeleteConfirm.swift; sourceTree = "<group>"; };
		AA00000000000000000001B4 /* SimilarCleaningView.swift */ = {isa = PBXFileReference; lastKnownFileType = sourcecode.swift; path = SimilarCleaningView.swift; sourceTree = "<group>"; };
		AA00000000000000000001B5 /* SimilarSuccessView.swift */ = {isa = PBXFileReference; lastKnownFileType = sourcecode.swift; path = SimilarSuccessView.swift; sourceTree = "<group>"; };
		AA00000000000000000001C0 /* PhotoLibraryService.swift */ = {isa = PBXFileReference; lastKnownFileType = sourcecode.swift; path = PhotoLibraryService.swift; sourceTree = "<group>"; };
		AA00000000000000000001C1 /* PHAssetThumbnail.swift */ = {isa = PBXFileReference; lastKnownFileType = sourcecode.swift; path = PHAssetThumbnail.swift; sourceTree = "<group>"; };
		AA00000000000000000001C2 /* DeviceStorage.swift */ = {isa = PBXFileReference; lastKnownFileType = sourcecode.swift; path = DeviceStorage.swift; sourceTree = "<group>"; };
		AA00000000000000000001C3 /* Keychain.swift */ = {isa = PBXFileReference; lastKnownFileType = sourcecode.swift; path = Keychain.swift; sourceTree = "<group>"; };
		AA00000000000000000001C4 /* VaultItem.swift */ = {isa = PBXFileReference; lastKnownFileType = sourcecode.swift; path = VaultItem.swift; sourceTree = "<group>"; };
		AA00000000000000000001C5 /* VaultService.swift */ = {isa = PBXFileReference; lastKnownFileType = sourcecode.swift; path = VaultService.swift; sourceTree = "<group>"; };
		AA00000000000000000001C6 /* ContactsService.swift */ = {isa = PBXFileReference; lastKnownFileType = sourcecode.swift; path = ContactsService.swift; sourceTree = "<group>"; };
		AA0000000000000000000180 /* ContactsDashboardView.swift */ = {isa = PBXFileReference; lastKnownFileType = sourcecode.swift; path = ContactsDashboardView.swift; sourceTree = "<group>"; };
		AA0000000000000000000181 /* ContactsDuplicatesView.swift */ = {isa = PBXFileReference; lastKnownFileType = sourcecode.swift; path = ContactsDuplicatesView.swift; sourceTree = "<group>"; };
		AA0000000000000000000182 /* ContactsIncompleteView.swift */ = {isa = PBXFileReference; lastKnownFileType = sourcecode.swift; path = ContactsIncompleteView.swift; sourceTree = "<group>"; };
		AA0000000000000000000183 /* ContactsAllView.swift */ = {isa = PBXFileReference; lastKnownFileType = sourcecode.swift; path = ContactsAllView.swift; sourceTree = "<group>"; };
		AA0000000000000000000184 /* ContactsBackupsView.swift */ = {isa = PBXFileReference; lastKnownFileType = sourcecode.swift; path = ContactsBackupsView.swift; sourceTree = "<group>"; };
		AA00000000000000000001F0 /* PasscodeKeypad.swift */ = {isa = PBXFileReference; lastKnownFileType = sourcecode.swift; path = PasscodeKeypad.swift; sourceTree = "<group>"; };
		AA00000000000000000001F1 /* VaultLockView.swift */ = {isa = PBXFileReference; lastKnownFileType = sourcecode.swift; path = VaultLockView.swift; sourceTree = "<group>"; };
		AA00000000000000000001F2 /* CreatePasscodeView.swift */ = {isa = PBXFileReference; lastKnownFileType = sourcecode.swift; path = CreatePasscodeView.swift; sourceTree = "<group>"; };
		AA00000000000000000001F3 /* VaultGridView.swift */ = {isa = PBXFileReference; lastKnownFileType = sourcecode.swift; path = VaultGridView.swift; sourceTree = "<group>"; };
		AA00000000000000000001F4 /* VaultPreviewView.swift */ = {isa = PBXFileReference; lastKnownFileType = sourcecode.swift; path = VaultPreviewView.swift; sourceTree = "<group>"; };
		AA00000000000000000001D0 /* QuickCleanFlowView.swift */ = {isa = PBXFileReference; lastKnownFileType = sourcecode.swift; path = QuickCleanFlowView.swift; sourceTree = "<group>"; };
		AA00000000000000000001D1 /* QuickCleanConfirmModal.swift */ = {isa = PBXFileReference; lastKnownFileType = sourcecode.swift; path = QuickCleanConfirmModal.swift; sourceTree = "<group>"; };
		AA00000000000000000001D2 /* QuickCleanSuccessView.swift */ = {isa = PBXFileReference; lastKnownFileType = sourcecode.swift; path = QuickCleanSuccessView.swift; sourceTree = "<group>"; };
		AA00000000000000000001E0 /* FAQView.swift */ = {isa = PBXFileReference; lastKnownFileType = sourcecode.swift; path = FAQView.swift; sourceTree = "<group>"; };
		AA00000000000000000001E1 /* ContactView.swift */ = {isa = PBXFileReference; lastKnownFileType = sourcecode.swift; path = ContactView.swift; sourceTree = "<group>"; };
		AA0000000000000000000114 /* BannerAdView.swift */ = {isa = PBXFileReference; lastKnownFileType = sourcecode.swift; path = BannerAdView.swift; sourceTree = "<group>"; };
		AA0000000000000000000115 /* NativeAdView.swift */ = {isa = PBXFileReference; lastKnownFileType = sourcecode.swift; path = NativeAdView.swift; sourceTree = "<group>"; };
		AA0000000000000000000116 /* AdHelpers.swift */ = {isa = PBXFileReference; lastKnownFileType = sourcecode.swift; path = AdHelpers.swift; sourceTree = "<group>"; };
		AA0000000000000000000132 /* Assets.xcassets */ = {isa = PBXFileReference; lastKnownFileType = folder.assetcatalog; path = Assets.xcassets; sourceTree = "<group>"; };
		AA0000000000000000000133 /* Preview Assets.xcassets */ = {isa = PBXFileReference; lastKnownFileType = folder.assetcatalog; path = "Preview Assets.xcassets"; sourceTree = "<group>"; };
		AA0000000000000000000134 /* GoogleService-Info.plist */ = {isa = PBXFileReference; lastKnownFileType = text.plist.xml; path = "GoogleService-Info.plist"; sourceTree = "<group>"; };
		AA0000000000000000000135 /* Info.plist */ = {isa = PBXFileReference; lastKnownFileType = text.plist.xml; path = Info.plist; sourceTree = "<group>"; };
		AA0000000000000000000140 /* Inter-Regular.ttf */ = {isa = PBXFileReference; lastKnownFileType = file; path = "Inter-Regular.ttf"; sourceTree = "<group>"; };
		AA0000000000000000000141 /* Inter-Medium.ttf */ = {isa = PBXFileReference; lastKnownFileType = file; path = "Inter-Medium.ttf"; sourceTree = "<group>"; };
		AA0000000000000000000142 /* Inter-SemiBold.ttf */ = {isa = PBXFileReference; lastKnownFileType = file; path = "Inter-SemiBold.ttf"; sourceTree = "<group>"; };
		AA0000000000000000000143 /* Inter-Bold.ttf */ = {isa = PBXFileReference; lastKnownFileType = file; path = "Inter-Bold.ttf"; sourceTree = "<group>"; };
/* End PBXFileReference section */

/* Begin PBXFrameworksBuildPhase section */
		AA0000000000000000000051 /* Frameworks */ = {
			isa = PBXFrameworksBuildPhase;
			buildActionMask = 2147483647;
			files = (
				AA0000000000000000000400 /* LibEarnMoneyIOS in Frameworks */,
			);
			runOnlyForDeploymentPostprocessing = 0;
		};
/* End PBXFrameworksBuildPhase section */

/* Begin PBXGroup section */
		AA0000000000000000000002 = {
			isa = PBXGroup;
			children = (
				AA0000000000000000000004 /* iCleaner */,
				AA0000000000000000000003 /* Products */,
			);
			sourceTree = "<group>";
		};
		AA0000000000000000000003 /* Products */ = {
			isa = PBXGroup;
			children = (
				AA0000000000000000000020 /* iCleaner.app */,
			);
			name = Products;
			sourceTree = "<group>";
		};
		AA0000000000000000000004 /* iCleaner */ = {
			isa = PBXGroup;
			children = (
				AA0000000000000000000080 /* Theme */,
				AA0000000000000000000081 /* Fonts */,
				AA0000000000000000000082 /* Navigation */,
				AA0000000000000000000083 /* Screens */,
				AA0000000000000000000084 /* Views */,
				AA0000000000000000000085 /* Storage */,
				AA0000000000000000000132 /* Assets.xcassets */,
				AA0000000000000000000005 /* Preview Content */,
				AA0000000000000000000101 /* AppDelegate.swift */,
				AA0000000000000000000102 /* SceneDelegate.swift */,
				AA0000000000000000000103 /* LibConfig+Host.swift */,
				AA0000000000000000000104 /* MyProduct.swift */,
				AA0000000000000000000105 /* MyPermission.swift */,
				AA0000000000000000000106 /* AdUnits.swift */,
				AA0000000000000000000135 /* Info.plist */,
				AA0000000000000000000134 /* GoogleService-Info.plist */,
			);
			path = iCleaner;
			sourceTree = "<group>";
		};
		AA0000000000000000000005 /* Preview Content */ = {
			isa = PBXGroup;
			children = (
				AA0000000000000000000133 /* Preview Assets.xcassets */,
			);
			path = "Preview Content";
			sourceTree = "<group>";
		};
		AA0000000000000000000080 /* Theme */ = {
			isa = PBXGroup;
			children = (
				AA0000000000000000000107 /* AppColor.swift */,
				AA0000000000000000000108 /* AppFont.swift */,
			);
			path = Theme;
			sourceTree = "<group>";
		};
		AA0000000000000000000081 /* Fonts */ = {
			isa = PBXGroup;
			children = (
				AA0000000000000000000140 /* Inter-Regular.ttf */,
				AA0000000000000000000141 /* Inter-Medium.ttf */,
				AA0000000000000000000142 /* Inter-SemiBold.ttf */,
				AA0000000000000000000143 /* Inter-Bold.ttf */,
			);
			path = Fonts;
			sourceTree = "<group>";
		};
		AA0000000000000000000082 /* Navigation */ = {
			isa = PBXGroup;
			children = (
				AA0000000000000000000109 /* AppTab.swift */,
				AA000000000000000000010A /* CustomTabBar.swift */,
				AA000000000000000000010B /* RootView.swift */,
			);
			path = Navigation;
			sourceTree = "<group>";
		};
		AA0000000000000000000083 /* Screens */ = {
			isa = PBXGroup;
			children = (
				AA000000000000000000010C /* PlaceholderScreen.swift */,
				AA000000000000000000010D /* SplashView.swift */,
				AA000000000000000000010E /* HomeView.swift */,
				AA000000000000000000010F /* ContactsView.swift */,
				AA0000000000000000000110 /* VaultView.swift */,
				AA0000000000000000000111 /* CompressView.swift */,
				AA0000000000000000000112 /* SettingsView.swift */,
				AA0000000000000000000113 /* PaywallView.swift */,
				AA0000000000000000000120 /* LanguageView.swift */,
				AA0000000000000000000130 /* SimilarFlowView.swift */,
				AA0000000000000000000131 /* SimilarReviewScreen.swift */,
				AA00000000000000000001B2 /* SimilarFilterSheet.swift */,
				AA00000000000000000001B3 /* SimilarDeleteConfirm.swift */,
				AA00000000000000000001B4 /* SimilarCleaningView.swift */,
				AA00000000000000000001B5 /* SimilarSuccessView.swift */,
				AA00000000000000000001D0 /* QuickCleanFlowView.swift */,
				AA00000000000000000001D1 /* QuickCleanConfirmModal.swift */,
				AA00000000000000000001D2 /* QuickCleanSuccessView.swift */,
				AA00000000000000000001E0 /* FAQView.swift */,
				AA00000000000000000001E1 /* ContactView.swift */,
				AA00000000000000000001F0 /* PasscodeKeypad.swift */,
				AA00000000000000000001F1 /* VaultLockView.swift */,
				AA00000000000000000001F2 /* CreatePasscodeView.swift */,
				AA00000000000000000001F3 /* VaultGridView.swift */,
				AA00000000000000000001F4 /* VaultPreviewView.swift */,
				AA0000000000000000000180 /* ContactsDashboardView.swift */,
				AA0000000000000000000181 /* ContactsDuplicatesView.swift */,
				AA0000000000000000000182 /* ContactsIncompleteView.swift */,
				AA0000000000000000000183 /* ContactsAllView.swift */,
				AA0000000000000000000184 /* ContactsBackupsView.swift */,
			);
			path = Screens;
			sourceTree = "<group>";
		};
		AA0000000000000000000084 /* Views */ = {
			isa = PBXGroup;
			children = (
				AA0000000000000000000114 /* BannerAdView.swift */,
				AA0000000000000000000115 /* NativeAdView.swift */,
				AA0000000000000000000116 /* AdHelpers.swift */,
			);
			path = Views;
			sourceTree = "<group>";
		};
		AA0000000000000000000085 /* Storage */ = {
			isa = PBXGroup;
			children = (
				AA00000000000000000001C0 /* PhotoLibraryService.swift */,
				AA00000000000000000001C1 /* PHAssetThumbnail.swift */,
				AA00000000000000000001C2 /* DeviceStorage.swift */,
				AA00000000000000000001C3 /* Keychain.swift */,
				AA00000000000000000001C4 /* VaultItem.swift */,
				AA00000000000000000001C5 /* VaultService.swift */,
				AA00000000000000000001C6 /* ContactsService.swift */,
			);
			path = Storage;
			sourceTree = "<group>";
		};
/* End PBXGroup section */

/* Begin PBXNativeTarget section */
		AA0000000000000000000010 /* iCleaner */ = {
			isa = PBXNativeTarget;
			buildConfigurationList = AA0000000000000000000061 /* Build configuration list for PBXNativeTarget "iCleaner" */;
			buildPhases = (
				AA0000000000000000000050 /* Sources */,
				AA0000000000000000000051 /* Frameworks */,
				AA0000000000000000000052 /* Resources */,
			);
			buildRules = (
			);
			dependencies = (
			);
			name = iCleaner;
			packageProductDependencies = (
				AA0000000000000000000500 /* LibEarnMoneyIOS */,
			);
			productName = iCleaner;
			productReference = AA0000000000000000000020 /* iCleaner.app */;
			productType = "com.apple.product-type.application";
		};
/* End PBXNativeTarget section */

/* Begin PBXProject section */
		AA0000000000000000000001 /* Project object */ = {
			isa = PBXProject;
			attributes = {
				BuildIndependentTargetsInParallel = 1;
				LastSwiftUpdateCheck = 1500;
				LastUpgradeCheck = 1500;
				TargetAttributes = {
					AA0000000000000000000010 = {
						CreatedOnToolsVersion = 15.0;
					};
				};
			};
			buildConfigurationList = AA0000000000000000000060 /* Build configuration list for PBXProject "iCleaner" */;
			compatibilityVersion = "Xcode 14.0";
			developmentRegion = en;
			hasScannedForEncodings = 0;
			knownRegions = (
				en,
				Base,
			);
			mainGroup = AA0000000000000000000002;
			packageReferences = (
				AA0000000000000000000501 /* XCLocalSwiftPackageReference "lib_earn_money_ios_template" */,
			);
			productRefGroup = AA0000000000000000000003 /* Products */;
			projectDirPath = "";
			projectRoot = "";
			targets = (
				AA0000000000000000000010 /* iCleaner */,
			);
		};
/* End PBXProject section */

/* Begin PBXResourcesBuildPhase section */
		AA0000000000000000000052 /* Resources */ = {
			isa = PBXResourcesBuildPhase;
			buildActionMask = 2147483647;
			files = (
				AA0000000000000000000302 /* Preview Assets.xcassets in Resources */,
				AA0000000000000000000301 /* Assets.xcassets in Resources */,
				AA0000000000000000000310 /* Inter-Regular.ttf in Resources */,
				AA0000000000000000000311 /* Inter-Medium.ttf in Resources */,
				AA0000000000000000000312 /* Inter-SemiBold.ttf in Resources */,
				AA0000000000000000000313 /* Inter-Bold.ttf in Resources */,
				AA0000000000000000000303 /* GoogleService-Info.plist in Resources */,
			);
			runOnlyForDeploymentPostprocessing = 0;
		};
/* End PBXResourcesBuildPhase section */

/* Begin PBXSourcesBuildPhase section */
		AA0000000000000000000050 /* Sources */ = {
			isa = PBXSourcesBuildPhase;
			buildActionMask = 2147483647;
			files = (
				AA0000000000000000000201 /* AppDelegate.swift in Sources */,
				AA0000000000000000000202 /* SceneDelegate.swift in Sources */,
				AA0000000000000000000203 /* LibConfig+Host.swift in Sources */,
				AA0000000000000000000204 /* MyProduct.swift in Sources */,
				AA0000000000000000000205 /* MyPermission.swift in Sources */,
				AA0000000000000000000206 /* AdUnits.swift in Sources */,
				AA0000000000000000000207 /* AppColor.swift in Sources */,
				AA0000000000000000000208 /* AppFont.swift in Sources */,
				AA0000000000000000000209 /* AppTab.swift in Sources */,
				AA000000000000000000020A /* CustomTabBar.swift in Sources */,
				AA000000000000000000020B /* RootView.swift in Sources */,
				AA000000000000000000020C /* PlaceholderScreen.swift in Sources */,
				AA000000000000000000020D /* SplashView.swift in Sources */,
				AA000000000000000000020E /* HomeView.swift in Sources */,
				AA000000000000000000020F /* ContactsView.swift in Sources */,
				AA0000000000000000000210 /* VaultView.swift in Sources */,
				AA0000000000000000000211 /* CompressView.swift in Sources */,
				AA0000000000000000000212 /* SettingsView.swift in Sources */,
				AA0000000000000000000213 /* PaywallView.swift in Sources */,
				AA0000000000000000000220 /* LanguageView.swift in Sources */,
				AA0000000000000000000230 /* SimilarFlowView.swift in Sources */,
				AA0000000000000000000231 /* SimilarReviewScreen.swift in Sources */,
				AA0000000000000000000232 /* SimilarFilterSheet.swift in Sources */,
				AA0000000000000000000233 /* SimilarDeleteConfirm.swift in Sources */,
				AA0000000000000000000234 /* SimilarCleaningView.swift in Sources */,
				AA0000000000000000000235 /* SimilarSuccessView.swift in Sources */,
				AA0000000000000000000240 /* PhotoLibraryService.swift in Sources */,
				AA0000000000000000000241 /* PHAssetThumbnail.swift in Sources */,
				AA0000000000000000000242 /* DeviceStorage.swift in Sources */,
				AA0000000000000000000243 /* Keychain.swift in Sources */,
				AA0000000000000000000244 /* VaultItem.swift in Sources */,
				AA0000000000000000000245 /* VaultService.swift in Sources */,
				AA0000000000000000000270 /* PasscodeKeypad.swift in Sources */,
				AA0000000000000000000271 /* VaultLockView.swift in Sources */,
				AA0000000000000000000272 /* CreatePasscodeView.swift in Sources */,
				AA0000000000000000000273 /* VaultGridView.swift in Sources */,
				AA0000000000000000000274 /* VaultPreviewView.swift in Sources */,
				AA0000000000000000000246 /* ContactsService.swift in Sources */,
				AA0000000000000000000280 /* ContactsDashboardView.swift in Sources */,
				AA0000000000000000000281 /* ContactsDuplicatesView.swift in Sources */,
				AA0000000000000000000282 /* ContactsIncompleteView.swift in Sources */,
				AA0000000000000000000283 /* ContactsAllView.swift in Sources */,
				AA0000000000000000000284 /* ContactsBackupsView.swift in Sources */,
				AA0000000000000000000250 /* QuickCleanFlowView.swift in Sources */,
				AA0000000000000000000251 /* QuickCleanConfirmModal.swift in Sources */,
				AA0000000000000000000252 /* QuickCleanSuccessView.swift in Sources */,
				AA0000000000000000000260 /* FAQView.swift in Sources */,
				AA0000000000000000000261 /* ContactView.swift in Sources */,
				AA0000000000000000000214 /* BannerAdView.swift in Sources */,
				AA0000000000000000000215 /* NativeAdView.swift in Sources */,
				AA0000000000000000000216 /* AdHelpers.swift in Sources */,
			);
			runOnlyForDeploymentPostprocessing = 0;
		};
/* End PBXSourcesBuildPhase section */

/* Begin XCBuildConfiguration section */
		AA0000000000000000000070 /* Debug */ = {
			isa = XCBuildConfiguration;
			buildSettings = {
				ALWAYS_SEARCH_USER_PATHS = NO;
				ASSETCATALOG_COMPILER_GENERATE_SWIFT_ASSET_SYMBOL_EXTENSIONS = YES;
				CLANG_ANALYZER_NONNULL = YES;
				CLANG_ANALYZER_NUMBER_OBJECT_CONVERSION = YES_AGGRESSIVE;
				CLANG_CXX_LANGUAGE_STANDARD = "gnu++20";
				CLANG_ENABLE_MODULES = YES;
				CLANG_ENABLE_OBJC_ARC = YES;
				CLANG_ENABLE_OBJC_WEAK = YES;
				CLANG_WARN_BLOCK_CAPTURE_AUTORELEASING = YES;
				CLANG_WARN_BOOL_CONVERSION = YES;
				CLANG_WARN_COMMA = YES;
				CLANG_WARN_CONSTANT_CONVERSION = YES;
				CLANG_WARN_DEPRECATED_OBJC_IMPLEMENTATIONS = YES;
				CLANG_WARN_DIRECT_OBJC_ISA_USAGE = YES_ERROR;
				CLANG_WARN_DOCUMENTATION_COMMENTS = YES;
				CLANG_WARN_EMPTY_BODY = YES;
				CLANG_WARN_ENUM_CONVERSION = YES;
				CLANG_WARN_INFINITE_RECURSION = YES;
				CLANG_WARN_INT_CONVERSION = YES;
				CLANG_WARN_NON_LITERAL_NULL_CONVERSION = YES;
				CLANG_WARN_OBJC_IMPLICIT_RETAIN_SELF = YES;
				CLANG_WARN_OBJC_LITERAL_CONVERSION = YES;
				CLANG_WARN_OBJC_ROOT_CLASS = YES_ERROR;
				CLANG_WARN_QUOTED_INCLUDE_IN_FRAMEWORK_HEADER = YES;
				CLANG_WARN_RANGE_LOOP_ANALYSIS = YES;
				CLANG_WARN_STRICT_PROTOTYPES = YES;
				CLANG_WARN_SUSPICIOUS_MOVE = YES;
				CLANG_WARN_UNGUARDED_AVAILABILITY = YES_AGGRESSIVE;
				CLANG_WARN_UNREACHABLE_CODE = YES;
				CLANG_WARN__DUPLICATE_METHOD_MATCH = YES;
				COPY_PHASE_STRIP = NO;
				DEBUG_INFORMATION_FORMAT = dwarf;
				ENABLE_STRICT_OBJC_MSGSEND = YES;
				ENABLE_TESTABILITY = YES;
				ENABLE_USER_SCRIPT_SANDBOXING = YES;
				GCC_C_LANGUAGE_STANDARD = gnu17;
				GCC_DYNAMIC_NO_PIC = NO;
				GCC_NO_COMMON_BLOCKS = YES;
				GCC_OPTIMIZATION_LEVEL = 0;
				GCC_PREPROCESSOR_DEFINITIONS = (
					"DEBUG=1",
					"$(inherited)",
				);
				GCC_WARN_64_TO_32_BIT_CONVERSION = YES;
				GCC_WARN_ABOUT_RETURN_TYPE = YES_ERROR;
				GCC_WARN_UNDECLARED_SELECTOR = YES;
				GCC_WARN_UNINITIALIZED_AUTOS = YES_AGGRESSIVE;
				GCC_WARN_UNUSED_FUNCTION = YES;
				GCC_WARN_UNUSED_VARIABLE = YES;
				IPHONEOS_DEPLOYMENT_TARGET = 17.0;
				LOCALIZATION_PREFERS_STRING_CATALOGS = YES;
				MTL_ENABLE_DEBUG_INFO = INCLUDE_SOURCE;
				MTL_FAST_MATH = YES;
				ONLY_ACTIVE_ARCH = YES;
				SDKROOT = iphoneos;
				SWIFT_ACTIVE_COMPILATION_CONDITIONS = "DEBUG $(inherited)";
				SWIFT_OPTIMIZATION_LEVEL = "-Onone";
			};
			name = Debug;
		};
		AA0000000000000000000071 /* Release */ = {
			isa = XCBuildConfiguration;
			buildSettings = {
				ALWAYS_SEARCH_USER_PATHS = NO;
				ASSETCATALOG_COMPILER_GENERATE_SWIFT_ASSET_SYMBOL_EXTENSIONS = YES;
				CLANG_ANALYZER_NONNULL = YES;
				CLANG_ANALYZER_NUMBER_OBJECT_CONVERSION = YES_AGGRESSIVE;
				CLANG_CXX_LANGUAGE_STANDARD = "gnu++20";
				CLANG_ENABLE_MODULES = YES;
				CLANG_ENABLE_OBJC_ARC = YES;
				CLANG_ENABLE_OBJC_WEAK = YES;
				CLANG_WARN_BLOCK_CAPTURE_AUTORELEASING = YES;
				CLANG_WARN_BOOL_CONVERSION = YES;
				CLANG_WARN_COMMA = YES;
				CLANG_WARN_CONSTANT_CONVERSION = YES;
				CLANG_WARN_DEPRECATED_OBJC_IMPLEMENTATIONS = YES;
				CLANG_WARN_DIRECT_OBJC_ISA_USAGE = YES_ERROR;
				CLANG_WARN_DOCUMENTATION_COMMENTS = YES;
				CLANG_WARN_EMPTY_BODY = YES;
				CLANG_WARN_ENUM_CONVERSION = YES;
				CLANG_WARN_INFINITE_RECURSION = YES;
				CLANG_WARN_INT_CONVERSION = YES;
				CLANG_WARN_NON_LITERAL_NULL_CONVERSION = YES;
				CLANG_WARN_OBJC_IMPLICIT_RETAIN_SELF = YES;
				CLANG_WARN_OBJC_LITERAL_CONVERSION = YES;
				CLANG_WARN_OBJC_ROOT_CLASS = YES_ERROR;
				CLANG_WARN_QUOTED_INCLUDE_IN_FRAMEWORK_HEADER = YES;
				CLANG_WARN_RANGE_LOOP_ANALYSIS = YES;
				CLANG_WARN_STRICT_PROTOTYPES = YES;
				CLANG_WARN_SUSPICIOUS_MOVE = YES;
				CLANG_WARN_UNGUARDED_AVAILABILITY = YES_AGGRESSIVE;
				CLANG_WARN_UNREACHABLE_CODE = YES;
				CLANG_WARN__DUPLICATE_METHOD_MATCH = YES;
				COPY_PHASE_STRIP = NO;
				DEBUG_INFORMATION_FORMAT = "dwarf-with-dsym";
				ENABLE_NS_ASSERTIONS = NO;
				ENABLE_STRICT_OBJC_MSGSEND = YES;
				ENABLE_USER_SCRIPT_SANDBOXING = YES;
				GCC_C_LANGUAGE_STANDARD = gnu17;
				GCC_NO_COMMON_BLOCKS = YES;
				GCC_WARN_64_TO_32_BIT_CONVERSION = YES;
				GCC_WARN_ABOUT_RETURN_TYPE = YES_ERROR;
				GCC_WARN_UNDECLARED_SELECTOR = YES;
				GCC_WARN_UNINITIALIZED_AUTOS = YES_AGGRESSIVE;
				GCC_WARN_UNUSED_FUNCTION = YES;
				GCC_WARN_UNUSED_VARIABLE = YES;
				IPHONEOS_DEPLOYMENT_TARGET = 17.0;
				LOCALIZATION_PREFERS_STRING_CATALOGS = YES;
				MTL_ENABLE_DEBUG_INFO = NO;
				MTL_FAST_MATH = YES;
				SDKROOT = iphoneos;
				SWIFT_COMPILATION_MODE = wholemodule;
				VALIDATE_PRODUCT = YES;
			};
			name = Release;
		};
		AA0000000000000000000072 /* Debug */ = {
			isa = XCBuildConfiguration;
			buildSettings = {
				ASSETCATALOG_COMPILER_APPICON_NAME = AppIcon;
				ASSETCATALOG_COMPILER_GLOBAL_ACCENT_COLOR_NAME = AccentColor;
				CODE_SIGN_STYLE = Automatic;
				CURRENT_PROJECT_VERSION = 1;
				DEVELOPMENT_ASSET_PATHS = "\"iCleaner/Preview Content\"";
				DEVELOPMENT_TEAM = G42GWLHV2W;
				ENABLE_PREVIEWS = YES;
				GENERATE_INFOPLIST_FILE = YES;
				INFOPLIST_FILE = iCleaner/Info.plist;
				INFOPLIST_KEY_UIApplicationSupportsIndirectInputEvents = YES;
				INFOPLIST_KEY_UISupportedInterfaceOrientations_iPad = UIInterfaceOrientationPortrait;
				INFOPLIST_KEY_UISupportedInterfaceOrientations_iPhone = UIInterfaceOrientationPortrait;
				LD_RUNPATH_SEARCH_PATHS = (
					"$(inherited)",
					"@executable_path/Frameworks",
				);
				MARKETING_VERSION = 1.0;
				PRODUCT_BUNDLE_IDENTIFIER = com.minhdtn.iCleaner;
				PRODUCT_NAME = "$(TARGET_NAME)";
				SWIFT_EMIT_LOC_STRINGS = YES;
				SWIFT_VERSION = 5.0;
				TARGETED_DEVICE_FAMILY = "1,2";
			};
			name = Debug;
		};
		AA0000000000000000000073 /* Release */ = {
			isa = XCBuildConfiguration;
			buildSettings = {
				ASSETCATALOG_COMPILER_APPICON_NAME = AppIcon;
				ASSETCATALOG_COMPILER_GLOBAL_ACCENT_COLOR_NAME = AccentColor;
				CODE_SIGN_STYLE = Automatic;
				CURRENT_PROJECT_VERSION = 1;
				DEVELOPMENT_ASSET_PATHS = "\"iCleaner/Preview Content\"";
				DEVELOPMENT_TEAM = G42GWLHV2W;
				ENABLE_PREVIEWS = YES;
				GENERATE_INFOPLIST_FILE = YES;
				INFOPLIST_FILE = iCleaner/Info.plist;
				INFOPLIST_KEY_UIApplicationSupportsIndirectInputEvents = YES;
				INFOPLIST_KEY_UISupportedInterfaceOrientations_iPad = UIInterfaceOrientationPortrait;
				INFOPLIST_KEY_UISupportedInterfaceOrientations_iPhone = UIInterfaceOrientationPortrait;
				LD_RUNPATH_SEARCH_PATHS = (
					"$(inherited)",
					"@executable_path/Frameworks",
				);
				MARKETING_VERSION = 1.0;
				PRODUCT_BUNDLE_IDENTIFIER = com.minhdtn.iCleaner;
				PRODUCT_NAME = "$(TARGET_NAME)";
				SWIFT_EMIT_LOC_STRINGS = YES;
				SWIFT_VERSION = 5.0;
				TARGETED_DEVICE_FAMILY = "1,2";
			};
			name = Release;
		};
/* End XCBuildConfiguration section */

/* Begin XCConfigurationList section */
		AA0000000000000000000060 /* Build configuration list for PBXProject "iCleaner" */ = {
			isa = XCConfigurationList;
			buildConfigurations = (
				AA0000000000000000000070 /* Debug */,
				AA0000000000000000000071 /* Release */,
			);
			defaultConfigurationIsVisible = 0;
			defaultConfigurationName = Release;
		};
		AA0000000000000000000061 /* Build configuration list for PBXNativeTarget "iCleaner" */ = {
			isa = XCConfigurationList;
			buildConfigurations = (
				AA0000000000000000000072 /* Debug */,
				AA0000000000000000000073 /* Release */,
			);
			defaultConfigurationIsVisible = 0;
			defaultConfigurationName = Release;
		};
/* End XCConfigurationList section */

/* Begin XCLocalSwiftPackageReference section */
		AA0000000000000000000501 /* XCLocalSwiftPackageReference "lib_earn_money_ios_template" */ = {
			isa = XCLocalSwiftPackageReference;
			relativePath = ../Lib_Ads_IAP/lib_earn_money_ios_template;
		};
/* End XCLocalSwiftPackageReference section */

/* Begin XCSwiftPackageProductDependency section */
		AA0000000000000000000500 /* LibEarnMoneyIOS */ = {
			isa = XCSwiftPackageProductDependency;
			package = AA0000000000000000000501 /* XCLocalSwiftPackageReference "lib_earn_money_ios_template" */;
			productName = LibEarnMoneyIOS;
		};
/* End XCSwiftPackageProductDependency section */
	};
	rootObject = AA0000000000000000000001 /* Project object */;
}
